
Microsoft Visual Studio Solution File, Format Version 12.00
# Visual Studio Version 17
VisualStudioVersion = 17.0.32014.148
MinimumVisualStudioVersion = 10.0.40219.1
Project("{9A19103F-16F7-4668-BE54-9A1E7A4F7556}") = "SocialNetwork", "SocialNetwork\SocialNetwork.csproj", "{6593809C-F89E-42FB-9B69-2EAF5E962ED0}"
EndProject
Project("{9A19103F-16F7-4668-BE54-9A1E7A4F7556}") = "SocialNetwork.Entities", "Entities\SocialNetwork.Entities.csproj", "{287CA4DD-4774-45C4-8D8E-CFF99713BBE6}"
EndProject
Project("{9A19103F-16F7-4668-BE54-9A1E7A4F7556}") = "SocialNetwork.Application", "application\SocialNetwork.Application.csproj", "{A9DB89BE-8DFB-4C14-9074-43D32538C675}"
EndProject
Project("{9A19103F-16F7-4668-BE54-9A1E7A4F7556}") = "SocialNetworks.Repository", "Repository\SocialNetworks.Repository.csproj", "{D77F1CDD-81AB-42B0-8175-A017EE3430F3}"
EndProject
Project("{9A19103F-16F7-4668-BE54-9A1E7A4F7556}") = "SocialNetwork.Tests", "SocialNetwork.Tests\SocialNetwork.Tests.csproj", "{D69E550A-A0C6-41BA-A109-DB057629F529}"
EndProject
Project("{FAE04EC0-301F-11D3-BF4B-00C04F79EFBC}") = "SocialNetwork.IdentityTokenServer", "IdentityTokenServer\SocialNetwork.IdentityTokenServer.csproj", "{D67FD824-E05A-4AF1-B6BB-02FF53AA8630}"
EndProject
Global
	GlobalSection(SolutionConfigurationPlatforms) = preSolution
		Debug|Any CPU = Debug|Any CPU
		Release|Any CPU = Release|Any CPU
	EndGlobalSection
	GlobalSection(ProjectConfigurationPlatforms) = postSolution
		{6593809C-F89E-42FB-9B69-2EAF5E962ED0}.Debug|Any CPU.ActiveCfg = Debug|Any CPU
		{6593809C-F89E-42FB-9B69-2EAF5E962ED0}.Debug|Any CPU.Build.0 = Debug|Any CPU
		{6593809C-F89E-42FB-9B69-2EAF5E962ED0}.Release|Any CPU.ActiveCfg = Release|Any CPU
		{6593809C-F89E-42FB-9B69-2EAF5E962ED0}.Release|Any CPU.Build.0 = Release|Any CPU
		{287CA4DD-4774-45C4-8D8E-CFF99713BBE6}.Debug|Any CPU.ActiveCfg = Debug|Any CPU
		{287CA4DD-4774-45C4-8D8E-CFF99713BBE6}.Debug|Any CPU.Build.0 = Debug|Any CPU
		{287CA4DD-4774-45C4-8D8E-CFF99713BBE6}.Release|Any CPU.ActiveCfg = Release|Any CPU
		{287CA4DD-4774-45C4-8D8E-CFF99713BBE6}.Release|Any CPU.Build.0 = Release|Any CPU
		{A9DB89BE-8DFB-4C14-9074-43D32538C675}.Debug|Any CPU.ActiveCfg = Debug|Any CPU
		{A9DB89BE-8DFB-4C14-9074-43D32538C675}.Debug|Any CPU.Build.0 = Debug|Any CPU
		{A9DB89BE-8DFB-4C14-9074-43D32538C675}.Release|Any CPU.ActiveCfg = Release|Any CPU
		{A9DB89BE-8DFB-4C14-9074-43D32538C675}.Release|Any CPU.Build.0 = Release|Any CPU
		{D77F1CDD-81AB-42B0-8175-A017EE3430F3}.Debug|Any CPU.ActiveCfg = Debug|Any CPU
		{D77F1CDD-81AB-42B0-8175-A017EE3430F3}.Debug|Any CPU.Build.0 = Debug|Any CPU
		{D77F1CDD-81AB-42B0-8175-A017EE3430F3}.Release|Any CPU.ActiveCfg = Release|Any CPU
		{D77F1CDD-81AB-42B0-8175-A017EE3430F3}.Release|Any CPU.Build.0 = Release|Any CPU
		{D69E550A-A0C6-41BA-A109-DB057629F529}.Debug|Any CPU.ActiveCfg = Debug|Any CPU
		{D69E550A-A0C6-41BA-A109-DB057629F529}.Debug|Any CPU.Build.0 = Debug|Any CPU
		{D69E550A-A0C6-41BA-A109-DB057629F529}.Release|Any CPU.ActiveCfg = Release|Any CPU
		{D69E550A-A0C6-41BA-A109-DB057629F529}.Release|Any CPU.Build.0 = Release|Any CPU
		{D67FD824-E05A-4AF1-B6BB-02FF53AA8630}.Debug|Any CPU.ActiveCfg = Debug|Any CPU
		{D67FD824-E05A-4AF1-B6BB-02FF53AA8630}.Debug|Any CPU.Build.0 = Debug|Any CPU
		{D67FD824-E05A-4AF1-B6BB-02FF53AA8630}.Release|Any CPU.ActiveCfg = Release|Any CPU
		{D67FD824-E05A-4AF1-B6BB-02FF53AA8630}.Release|Any CPU.Build.0 = Release|Any CPU
	EndGlobalSection
	GlobalSection(SolutionProperties) = preSolution
		HideSolutionNode = FALSE
	EndGlobalSection
	GlobalSection(ExtensibilityGlobals) = postSolution
		SolutionGuid = {E9D4654D-176B-4BD0-9B55-F69B186FD62E}
	EndGlobalSection
EndGlobal
